{
  "requires": true,
  "lockfileVersion": 1,
  "dependencies": {
    "interact.js": {
      "version": "1.2.8",
      "resolved": "https://registry.npmjs.org/interact.js/-/interact.js-1.2.8.tgz",
      "integrity": "sha1-tivABFY7XG8pS2sRWzliBdhD9gs="
    },
    "interactjs": {
      "version": "1.3.4",
      "resolved": "https://registry.npmjs.org/interactjs/-/interactjs-1.3.4.tgz",
      "integrity": "sha512-AQ2CdPEyHqiEEQ1FFgMBj79UEsU1+rUwSXuhOkflvB65p4iECft28SN/PvhD/Y9OtNge8aH1qTibjAi+RXQMqQ=="
    },
    "vue": {
      "version": "2.5.17",
      "resolved": "https://registry.npmjs.org/vue/-/vue-2.5.17.tgz",
      "integrity": "sha512-mFbcWoDIJi0w0Za4emyLiW72Jae0yjANHbCVquMKijcavBGypqlF7zHRgMa5k4sesdv7hv2rB4JPdZfR+TPfhQ=="
    },
    "vue-interact": {
      "version": "0.0.2",
      "resolved": "https://registry.npmjs.org/vue-interact/-/vue-interact-0.0.2.tgz",
      "integrity": "sha1-d97I2pCObMvFNBo0b4iFMRFwt3I=",
      "requires": {
        "interact.js": "^1.2.8",
        "vue": "^2.3.3"
      }
    },
    "vue2-touch-events": {
      "version": "1.0.0",
      "resolved": "https://registry.npmjs.org/vue2-touch-events/-/vue2-touch-events-1.0.0.tgz",
      "integrity": "sha512-ZIrtQX8xPL4EslMe759Knph92+Ph8nfnxUSRupONvaVcniLjx5rLi7ojvoDMruJRJAs/fTvHxuP5Jd7T9VobfQ=="
    }
  }
}
