
Microsoft Visual Studio Solution File, Format Version 12.00
# Visual Studio 15
VisualStudioVersion = 15.0.27428.2037
MinimumVisualStudioVersion = 10.0.40219.1
Project("{FAE04EC0-301F-11D3-BF4B-00C04F79EFBC}") = "VSTOPrototyp", "VSTOPrototyp.csproj", "{90804AC1-E21A-4560-B6A8-C1D35AB87C83}"
EndProject
Global
	GlobalSection(SolutionConfigurationPlatforms) = preSolution
		Debug|Any CPU = Debug|Any CPU
		Release|Any CPU = Release|Any CPU
	EndGlobalSection
	GlobalSection(ProjectConfigurationPlatforms) = postSolution
		{90804AC1-E21A-4560-B6A8-C1D35AB87C83}.Debug|Any CPU.ActiveCfg = Debug|Any CPU
		{90804AC1-E21A-4560-B6A8-C1D35AB87C83}.Debug|Any CPU.Build.0 = Debug|Any CPU
		{90804AC1-E21A-4560-B6A8-C1D35AB87C83}.Release|Any CPU.ActiveCfg = Release|Any CPU
		{90804AC1-E21A-4560-B6A8-C1D35AB87C83}.Release|Any CPU.Build.0 = Release|Any CPU
	EndGlobalSection
	GlobalSection(SolutionProperties) = preSolution
		HideSolutionNode = FALSE
	EndGlobalSection
	GlobalSection(ExtensibilityGlobals) = postSolution
		SolutionGuid = {B4988B36-33C0-480F-97D6-A9FBA47B4724}
	EndGlobalSection
EndGlobal
